
Microsoft Visual Studio Solution File, Format Version 12.00
# Visual Studio Version 17
VisualStudioVersion = 17.4.33213.308
MinimumVisualStudioVersion = 10.0.40219.1
Project("{FAE04EC0-301F-11D3-BF4B-00C04F79EFBC}") = "Week6-StringsAndArrays", "Week6-StringsAndArrays\Week6-StringsAndArrays.csproj", "{56A36C99-12FD-4592-A235-71CC6076A9F8}"
EndProject
Project("{FAE04EC0-301F-11D3-BF4B-00C04F79EFBC}") = "Arrays", "Arrays\Arrays.csproj", "{E03E8748-8A2C-4AD3-9072-A6FFB7BDE37B}"
EndProject
Project("{FAE04EC0-301F-11D3-BF4B-00C04F79EFBC}") = "ArrayWithNumbers", "ArrayWithNumbers\ArrayWithNumbers.csproj", "{27E7359D-B80C-48B8-AF9D-FD8BD817900A}"
EndProject
Project("{FAE04EC0-301F-11D3-BF4B-00C04F79EFBC}") = "ArrayWithRnd", "ArrayWithRnd\ArrayWithRnd.csproj", "{C2FD0027-1139-4EB3-88FF-4CB9EF28C0BC}"
EndProject
Global
	GlobalSection(SolutionConfigurationPlatforms) = preSolution
		Debug|Any CPU = Debug|Any CPU
		Release|Any CPU = Release|Any CPU
	EndGlobalSection
	GlobalSection(ProjectConfigurationPlatforms) = postSolution
		{56A36C99-12FD-4592-A235-71CC6076A9F8}.Debug|Any CPU.ActiveCfg = Debug|Any CPU
		{56A36C99-12FD-4592-A235-71CC6076A9F8}.Debug|Any CPU.Build.0 = Debug|Any CPU
		{56A36C99-12FD-4592-A235-71CC6076A9F8}.Release|Any CPU.ActiveCfg = Release|Any CPU
		{56A36C99-12FD-4592-A235-71CC6076A9F8}.Release|Any CPU.Build.0 = Release|Any CPU
		{E03E8748-8A2C-4AD3-9072-A6FFB7BDE37B}.Debug|Any CPU.ActiveCfg = Debug|Any CPU
		{E03E8748-8A2C-4AD3-9072-A6FFB7BDE37B}.Debug|Any CPU.Build.0 = Debug|Any CPU
		{E03E8748-8A2C-4AD3-9072-A6FFB7BDE37B}.Release|Any CPU.ActiveCfg = Release|Any CPU
		{E03E8748-8A2C-4AD3-9072-A6FFB7BDE37B}.Release|Any CPU.Build.0 = Release|Any CPU
		{27E7359D-B80C-48B8-AF9D-FD8BD817900A}.Debug|Any CPU.ActiveCfg = Debug|Any CPU
		{27E7359D-B80C-48B8-AF9D-FD8BD817900A}.Debug|Any CPU.Build.0 = Debug|Any CPU
		{27E7359D-B80C-48B8-AF9D-FD8BD817900A}.Release|Any CPU.ActiveCfg = Release|Any CPU
		{27E7359D-B80C-48B8-AF9D-FD8BD817900A}.Release|Any CPU.Build.0 = Release|Any CPU
		{C2FD0027-1139-4EB3-88FF-4CB9EF28C0BC}.Debug|Any CPU.ActiveCfg = Debug|Any CPU
		{C2FD0027-1139-4EB3-88FF-4CB9EF28C0BC}.Debug|Any CPU.Build.0 = Debug|Any CPU
		{C2FD0027-1139-4EB3-88FF-4CB9EF28C0BC}.Release|Any CPU.ActiveCfg = Release|Any CPU
		{C2FD0027-1139-4EB3-88FF-4CB9EF28C0BC}.Release|Any CPU.Build.0 = Release|Any CPU
	EndGlobalSection
	GlobalSection(SolutionProperties) = preSolution
		HideSolutionNode = FALSE
	EndGlobalSection
	GlobalSection(ExtensibilityGlobals) = postSolution
		SolutionGuid = {86472D87-546C-43C4-A2FB-FF9DD50798F7}
	EndGlobalSection
EndGlobal
